github.com/davecgh/go-spew v1.1.1/go.mod h1:J7Y8YcW2NihsgmVo/mv3lAwl/skON4iLHjSsI+c5H38=
github.com/docker/docker v1.13.1 h1:5VBhsO6ckUxB0A8CE5LlUJdXzik9cbEbBTQ/ggeml7M=
github.com/docker/docker v1.13.1/go.mod h1:eEKB0N0r5NX/I1kEveEz05bcu8tLC/8azJZsviup8Sk=
github.com/hashicorp/hcl v1.0.0 h1:0Anlzjpi4vEasTeNFn2mLJgTSwt0+6sfsiTG8qcWGx4=
github.com/hashicorp/hcl v1.0.0/go.mod h1:E5yfLk+7swimpb2L/Alb/PJmXilQ/rhwaUYs4T20WEQ=
github.com/hashicorp/logutils v1.0.0 h1:dLEQVugN8vlakKOUE3ihGLTZJRB4j+M2cdTm/ORI65Y=
github.com/hashicorp/logutils v1.0.0/go.mod h1:QIAnNjmIWmVIIkWDTG1z5v++HQmx9WQRO+LraFDTW64=
github.com/linyows/mflag v0.0.0-20161205075043-c9971547c94d h1:eCTMVmBogZqpho6FN139iXdZZ9oO6P8I0rBtISebb5I=
github.com/linyows/mflag v0.0.0-20161205075043-c9971547c94d/go.mod h1:Bfa7SKDLPjnPII/GEc4z0+hx+bBAK9Bw7IKDGErvM1A=
github.com/mattn/go-scan v0.0.0-20161028081550-c32d62d79baf h1:nVrgETyxVtETjsUGTrSqBwr+xYLFwCZKnTJVC2UAb9E=
github.com/mattn/go-scan v0.0.0-20161028081550-c32d62d79baf/go.mod h1:sNJr+MyYo/WAx30FGeqHkJGtNyqmD6oQyfHrwC/tDVo=
github.com/opencontainers/runc v0.1.1 h1:GlxAyO6x8rfZYN9Tt0Kti5a/cP41iuiO2yYT0IJGY8Y=
github.com/opencontainers/runc v0.1.1/go.mod h1:qT5XzbpPznkRYVz/mWwUaVBUv2rmF59PVA73FjuZG0U=
